
Microsoft Visual Studio Solution File, Format Version 12.00
# Visual Studio Version 17
VisualStudioVersion = 17.10.35122.118
MinimumVisualStudioVersion = 10.0.40219.1
Project("{2150E333-8FDC-42A3-9474-1A3956D46DE8}") = "src", "src", "{05EBE5BE-C33D-4F44-A6A2-06BB83A35CB4}"
EndProject
Project("{2150E333-8FDC-42A3-9474-1A3956D46DE8}") = "test", "test", "{65E010A6-A207-48A4-A744-5A2B46C306EC}"
EndProject
Project("{2150E333-8FDC-42A3-9474-1A3956D46DE8}") = "EndPoint", "EndPoint", "{9F77A9F1-63A5-4399-84A1-8E6E04385C17}"
EndProject
Project("{2150E333-8FDC-42A3-9474-1A3956D46DE8}") = "API", "API", "{B0293D09-49A8-4D09-9A24-8D7159B864DB}"
EndProject
Project("{2150E333-8FDC-42A3-9474-1A3956D46DE8}") = "Core", "Core", "{763132E2-C8D8-44F5-9078-10D16ECF53ED}"
EndProject
Project("{2150E333-8FDC-42A3-9474-1A3956D46DE8}") = "AdminUI", "AdminUI", "{550857EB-AEC3-49BA-8C77-D6166C98A4B1}"
EndProject
Project("{9A19103F-16F7-4668-BE54-9A1E7A4F7556}") = "EndPoint.AdminUI", "src\EndPoint\AdminUI\EndPoint.AdminUI\EndPoint.AdminUI.csproj", "{84EFC9AC-44BD-4177-A321-EC40554F692E}"
EndProject
Project("{9A19103F-16F7-4668-BE54-9A1E7A4F7556}") = "MyApp.AdminAPI", "src\API\MyApp.AdminAPI\MyApp.AdminAPI.csproj", "{7BA0A6EA-FF9B-4CF3-93D8-5BA6A2E28AAA}"
EndProject
Project("{9A19103F-16F7-4668-BE54-9A1E7A4F7556}") = "MyApp.API", "src\API\MyApp.API\MyApp.API.csproj", "{88AB6338-96C5-4AD1-99BE-266C2A6D85D5}"
EndProject
Project("{2150E333-8FDC-42A3-9474-1A3956D46DE8}") = "Application", "Application", "{30ECD5C8-5103-4FA7-89F8-F5E28E14615C}"
EndProject
Project("{2150E333-8FDC-42A3-9474-1A3956D46DE8}") = "Common", "Common", "{A2773BAD-64DF-4D07-96A4-13EC80906B47}"
EndProject
Project("{9A19103F-16F7-4668-BE54-9A1E7A4F7556}") = "MyApp.DataAccess", "src\Core\Application\MyApp.DataAccess\MyApp.DataAccess.csproj", "{324892BF-7B10-4327-92C5-CE05B92EDA22}"
EndProject
Project("{9A19103F-16F7-4668-BE54-9A1E7A4F7556}") = "MyApp.Domain", "src\Core\Application\MyApp.Domain\MyApp.Domain.csproj", "{19A9C632-1F12-4713-9A82-6E749AB4F433}"
EndProject
Project("{9A19103F-16F7-4668-BE54-9A1E7A4F7556}") = "MyApp.Infrastructure", "src\Core\Application\MyApp.Infrastructure\MyApp.Infrastructure.csproj", "{6BB04FEB-B4CA-481D-8EB5-AD2F05D7BE0C}"
EndProject
Project("{9A19103F-16F7-4668-BE54-9A1E7A4F7556}") = "Shared.Domain", "src\Core\Common\Shared.Domain\Shared.Domain.csproj", "{C8CE32FB-51E2-46DE-89A8-ED87691412B5}"
EndProject
Project("{9A19103F-16F7-4668-BE54-9A1E7A4F7556}") = "Shared.Common", "src\Core\Common\Shared.Common\Shared.Common.csproj", "{CFA20437-153F-48CC-8D26-D6B84EB6B29F}"
EndProject
Project("{2150E333-8FDC-42A3-9474-1A3956D46DE8}") = "ToDo", "ToDo", "{05173C0E-7173-43B1-A424-4B4647616A77}"
EndProject
Project("{9A19103F-16F7-4668-BE54-9A1E7A4F7556}") = "EndPoint.ToDoUI", "src\EndPoint\ToDo\EndPoint.ToDoUI\EndPoint.ToDoUI.csproj", "{B207F553-D2D4-4AC3-ADF0-577DB3D19317}"
EndProject
Project("{2150E333-8FDC-42A3-9474-1A3956D46DE8}") = "WebAssemblyUI", "WebAssemblyUI", "{B265E5DC-FF09-4944-AB55-C415D8511592}"
EndProject
Project("{FAE04EC0-301F-11D3-BF4B-00C04F79EFBC}") = "WASMdemo", "src\EndPoint\WebAssembly\WASMdemo\WASMdemo\WASMdemo.csproj", "{056AB542-CE56-48A0-BC54-B655B7DE8F38}"
EndProject
Project("{FAE04EC0-301F-11D3-BF4B-00C04F79EFBC}") = "WASMdemo.Client", "src\EndPoint\WebAssembly\WASMdemo\WASMdemo.Client\WASMdemo.Client.csproj", "{61D5A9D0-8036-4B69-8DD2-EA245F187A6E}"
EndProject
Global
	GlobalSection(SolutionConfigurationPlatforms) = preSolution
		Debug|Any CPU = Debug|Any CPU
		Release|Any CPU = Release|Any CPU
	EndGlobalSection
	GlobalSection(ProjectConfigurationPlatforms) = postSolution
		{84EFC9AC-44BD-4177-A321-EC40554F692E}.Debug|Any CPU.ActiveCfg = Debug|Any CPU
		{84EFC9AC-44BD-4177-A321-EC40554F692E}.Debug|Any CPU.Build.0 = Debug|Any CPU
		{84EFC9AC-44BD-4177-A321-EC40554F692E}.Release|Any CPU.ActiveCfg = Release|Any CPU
		{84EFC9AC-44BD-4177-A321-EC40554F692E}.Release|Any CPU.Build.0 = Release|Any CPU
		{7BA0A6EA-FF9B-4CF3-93D8-5BA6A2E28AAA}.Debug|Any CPU.ActiveCfg = Debug|Any CPU
		{7BA0A6EA-FF9B-4CF3-93D8-5BA6A2E28AAA}.Debug|Any CPU.Build.0 = Debug|Any CPU
		{7BA0A6EA-FF9B-4CF3-93D8-5BA6A2E28AAA}.Release|Any CPU.ActiveCfg = Release|Any CPU
		{7BA0A6EA-FF9B-4CF3-93D8-5BA6A2E28AAA}.Release|Any CPU.Build.0 = Release|Any CPU
		{88AB6338-96C5-4AD1-99BE-266C2A6D85D5}.Debug|Any CPU.ActiveCfg = Debug|Any CPU
		{88AB6338-96C5-4AD1-99BE-266C2A6D85D5}.Debug|Any CPU.Build.0 = Debug|Any CPU
		{88AB6338-96C5-4AD1-99BE-266C2A6D85D5}.Release|Any CPU.ActiveCfg = Release|Any CPU
		{88AB6338-96C5-4AD1-99BE-266C2A6D85D5}.Release|Any CPU.Build.0 = Release|Any CPU
		{324892BF-7B10-4327-92C5-CE05B92EDA22}.Debug|Any CPU.ActiveCfg = Debug|Any CPU
		{324892BF-7B10-4327-92C5-CE05B92EDA22}.Debug|Any CPU.Build.0 = Debug|Any CPU
		{324892BF-7B10-4327-92C5-CE05B92EDA22}.Release|Any CPU.ActiveCfg = Release|Any CPU
		{324892BF-7B10-4327-92C5-CE05B92EDA22}.Release|Any CPU.Build.0 = Release|Any CPU
		{19A9C632-1F12-4713-9A82-6E749AB4F433}.Debug|Any CPU.ActiveCfg = Debug|Any CPU
		{19A9C632-1F12-4713-9A82-6E749AB4F433}.Debug|Any CPU.Build.0 = Debug|Any CPU
		{19A9C632-1F12-4713-9A82-6E749AB4F433}.Release|Any CPU.ActiveCfg = Release|Any CPU
		{19A9C632-1F12-4713-9A82-6E749AB4F433}.Release|Any CPU.Build.0 = Release|Any CPU
		{6BB04FEB-B4CA-481D-8EB5-AD2F05D7BE0C}.Debug|Any CPU.ActiveCfg = Debug|Any CPU
		{6BB04FEB-B4CA-481D-8EB5-AD2F05D7BE0C}.Debug|Any CPU.Build.0 = Debug|Any CPU
		{6BB04FEB-B4CA-481D-8EB5-AD2F05D7BE0C}.Release|Any CPU.ActiveCfg = Release|Any CPU
		{6BB04FEB-B4CA-481D-8EB5-AD2F05D7BE0C}.Release|Any CPU.Build.0 = Release|Any CPU
		{C8CE32FB-51E2-46DE-89A8-ED87691412B5}.Debug|Any CPU.ActiveCfg = Debug|Any CPU
		{C8CE32FB-51E2-46DE-89A8-ED87691412B5}.Debug|Any CPU.Build.0 = Debug|Any CPU
		{C8CE32FB-51E2-46DE-89A8-ED87691412B5}.Release|Any CPU.ActiveCfg = Release|Any CPU
		{C8CE32FB-51E2-46DE-89A8-ED87691412B5}.Release|Any CPU.Build.0 = Release|Any CPU
		{CFA20437-153F-48CC-8D26-D6B84EB6B29F}.Debug|Any CPU.ActiveCfg = Debug|Any CPU
		{CFA20437-153F-48CC-8D26-D6B84EB6B29F}.Debug|Any CPU.Build.0 = Debug|Any CPU
		{CFA20437-153F-48CC-8D26-D6B84EB6B29F}.Release|Any CPU.ActiveCfg = Release|Any CPU
		{CFA20437-153F-48CC-8D26-D6B84EB6B29F}.Release|Any CPU.Build.0 = Release|Any CPU
		{B207F553-D2D4-4AC3-ADF0-577DB3D19317}.Debug|Any CPU.ActiveCfg = Debug|Any CPU
		{B207F553-D2D4-4AC3-ADF0-577DB3D19317}.Debug|Any CPU.Build.0 = Debug|Any CPU
		{B207F553-D2D4-4AC3-ADF0-577DB3D19317}.Release|Any CPU.ActiveCfg = Release|Any CPU
		{B207F553-D2D4-4AC3-ADF0-577DB3D19317}.Release|Any CPU.Build.0 = Release|Any CPU
		{056AB542-CE56-48A0-BC54-B655B7DE8F38}.Debug|Any CPU.ActiveCfg = Debug|Any CPU
		{056AB542-CE56-48A0-BC54-B655B7DE8F38}.Debug|Any CPU.Build.0 = Debug|Any CPU
		{056AB542-CE56-48A0-BC54-B655B7DE8F38}.Release|Any CPU.ActiveCfg = Release|Any CPU
		{056AB542-CE56-48A0-BC54-B655B7DE8F38}.Release|Any CPU.Build.0 = Release|Any CPU
		{61D5A9D0-8036-4B69-8DD2-EA245F187A6E}.Debug|Any CPU.ActiveCfg = Debug|Any CPU
		{61D5A9D0-8036-4B69-8DD2-EA245F187A6E}.Debug|Any CPU.Build.0 = Debug|Any CPU
		{61D5A9D0-8036-4B69-8DD2-EA245F187A6E}.Release|Any CPU.ActiveCfg = Release|Any CPU
		{61D5A9D0-8036-4B69-8DD2-EA245F187A6E}.Release|Any CPU.Build.0 = Release|Any CPU
	EndGlobalSection
	GlobalSection(SolutionProperties) = preSolution
		HideSolutionNode = FALSE
	EndGlobalSection
	GlobalSection(NestedProjects) = preSolution
		{9F77A9F1-63A5-4399-84A1-8E6E04385C17} = {05EBE5BE-C33D-4F44-A6A2-06BB83A35CB4}
		{B0293D09-49A8-4D09-9A24-8D7159B864DB} = {05EBE5BE-C33D-4F44-A6A2-06BB83A35CB4}
		{763132E2-C8D8-44F5-9078-10D16ECF53ED} = {05EBE5BE-C33D-4F44-A6A2-06BB83A35CB4}
		{550857EB-AEC3-49BA-8C77-D6166C98A4B1} = {9F77A9F1-63A5-4399-84A1-8E6E04385C17}
		{84EFC9AC-44BD-4177-A321-EC40554F692E} = {550857EB-AEC3-49BA-8C77-D6166C98A4B1}
		{7BA0A6EA-FF9B-4CF3-93D8-5BA6A2E28AAA} = {B0293D09-49A8-4D09-9A24-8D7159B864DB}
		{88AB6338-96C5-4AD1-99BE-266C2A6D85D5} = {B0293D09-49A8-4D09-9A24-8D7159B864DB}
		{30ECD5C8-5103-4FA7-89F8-F5E28E14615C} = {763132E2-C8D8-44F5-9078-10D16ECF53ED}
		{A2773BAD-64DF-4D07-96A4-13EC80906B47} = {763132E2-C8D8-44F5-9078-10D16ECF53ED}
		{324892BF-7B10-4327-92C5-CE05B92EDA22} = {30ECD5C8-5103-4FA7-89F8-F5E28E14615C}
		{19A9C632-1F12-4713-9A82-6E749AB4F433} = {30ECD5C8-5103-4FA7-89F8-F5E28E14615C}
		{6BB04FEB-B4CA-481D-8EB5-AD2F05D7BE0C} = {30ECD5C8-5103-4FA7-89F8-F5E28E14615C}
		{C8CE32FB-51E2-46DE-89A8-ED87691412B5} = {A2773BAD-64DF-4D07-96A4-13EC80906B47}
		{CFA20437-153F-48CC-8D26-D6B84EB6B29F} = {A2773BAD-64DF-4D07-96A4-13EC80906B47}
		{05173C0E-7173-43B1-A424-4B4647616A77} = {9F77A9F1-63A5-4399-84A1-8E6E04385C17}
		{B207F553-D2D4-4AC3-ADF0-577DB3D19317} = {05173C0E-7173-43B1-A424-4B4647616A77}
		{B265E5DC-FF09-4944-AB55-C415D8511592} = {9F77A9F1-63A5-4399-84A1-8E6E04385C17}
		{056AB542-CE56-48A0-BC54-B655B7DE8F38} = {B265E5DC-FF09-4944-AB55-C415D8511592}
		{61D5A9D0-8036-4B69-8DD2-EA245F187A6E} = {B265E5DC-FF09-4944-AB55-C415D8511592}
	EndGlobalSection
	GlobalSection(ExtensibilityGlobals) = postSolution
		SolutionGuid = {3351699D-0660-4A62-9B67-4F7F9DF48F44}
	EndGlobalSection
EndGlobal
